// !$*UTF8*$!
{
	archiveVersion = 1;
	classes = {
	};
	objectVersion = 48;
	objects = {

/* Begin PBXBuildFile section */
		31123F64201D31E7008C39F5 /* AppDelegate.swift in Sources */ = {isa = PBXBuildFile; fileRef = 31123F63201D31E7008C39F5 /* AppDelegate.swift */; };
		31123F66201D31E7008C39F5 /* ViewController.swift in Sources */ = {isa = PBXBuildFile; fileRef = 31123F65201D31E7008C39F5 /* ViewController.swift */; };
		31123F69201D31E7008C39F5 /* Main.storyboard in Resources */ = {isa = PBXBuildFile; fileRef = 31123F67201D31E7008C39F5 /* Main.storyboard */; };
		31123F6B201D31E7008C39F5 /* Assets.xcassets in Resources */ = {isa = PBXBuildFile; fileRef = 31123F6A201D31E7008C39F5 /* Assets.xcassets */; };
		31123F6E201D31E7008C39F5 /* LaunchScreen.storyboard in Resources */ = {isa = PBXBuildFile; fileRef = 31123F6C201D31E7008C39F5 /* LaunchScreen.storyboard */; };
		31123F78201D3225008C39F5 /* logo.png in Resources */ = {isa = PBXBuildFile; fileRef = 31123F75201D3224008C39F5 /* logo.png */; };
		31123F79201D3225008C39F5 /* botaogerar-pressionado.png in Resources */ = {isa = PBXBuildFile; fileRef = 31123F76201D3225008C39F5 /* botaogerar-pressionado.png */; };
		31123F7A201D3225008C39F5 /* botaogerar.png in Resources */ = {isa = PBXBuildFile; fileRef = 31123F77201D3225008C39F5 /* botaogerar.png */; };
/* End PBXBuildFile section */

/* Begin PBXFileReference section */
		31123F60201D31E7008C39F5 /* Sorteio.app */ = {isa = PBXFileReference; explicitFileType = wrapper.application; includeInIndex = 0; path = Sorteio.app; sourceTree = BUILT_PRODUCTS_DIR; };
		31123F63201D31E7008C39F5 /* AppDelegate.swift */ = {isa = PBXFileReference; lastKnownFileType = sourcecode.swift; path = AppDelegate.swift; sourceTree = "<group>"; };
		31123F65201D31E7008C39F5 /* ViewController.swift */ = {isa = PBXFileReference; lastKnownFileType = sourcecode.swift; path = ViewController.swift; sourceTree = "<group>"; };
		31123F68201D31E7008C39F5 /* Base */ = {isa = PBXFileReference; lastKnownFileType = file.storyboard; name = Base; path = Base.lproj/Main.storyboard; sourceTree = "<group>"; };
		31123F6A201D31E7008C39F5 /* Assets.xcassets */ = {isa = PBXFileReference; lastKnownFileType = folder.assetcatalog; path = Assets.xcassets; sourceTree = "<group>"; };
		31123F6D201D31E7008C39F5 /* Base */ = {isa = PBXFileReference; lastKnownFileType = file.storyboard; name = Base; path = Base.lproj/LaunchScreen.storyboard; sourceTree = "<group>"; };
		31123F6F201D31E7008C39F5 /* Info.plist */ = {isa = PBXFileReference; lastKnownFileType = text.plist.xml; path = Info.plist; sourceTree = "<group>"; };
		31123F75201D3224008C39F5 /* logo.png */ = {isa = PBXFileReference; lastKnownFileType = image.png; path = logo.png; sourceTree = "<group>"; };
		31123F76201D3225008C39F5 /* botaogerar-pressionado.png */ = {isa = PBXFileReference; lastKnownFileType = image.png; path = "botaogerar-pressionado.png"; sourceTree = "<group>"; };
		31123F77201D3225008C39F5 /* botaogerar.png */ = {isa = PBXFileReference; lastKnownFileType = image.png; path = botaogerar.png; sourceTree = "<group>"; };
/* End PBXFileReference section */

/* Begin PBXFrameworksBuildPhase section */
		31123F5D201D31E7008C39F5 /* Frameworks */ = {
			isa = PBXFrameworksBuildPhase;
			buildActionMask = 2147483647;
			files = (
			);
			runOnlyForDeploymentPostprocessing = 0;
		};
/* End PBXFrameworksBuildPhase section */

/* Begin PBXGroup section */
		31123F57201D31E7008C39F5 = {
			isa = PBXGroup;
			children = (
				31123F62201D31E7008C39F5 /* Sorteio */,
				31123F61201D31E7008C39F5 /* Products */,
			);
			sourceTree = "<group>";
		};
		31123F61201D31E7008C39F5 /* Products */ = {
			isa = PBXGroup;
			children = (
				31123F60201D31E7008C39F5 /* Sorteio.app */,
			);
			name = Products;
			sourceTree = "<group>";
		};
		31123F62201D31E7008C39F5 /* Sorteio */ = {
			isa = PBXGroup;
			children = (
				31123F76201D3225008C39F5 /* botaogerar-pressionado.png */,
				31123F77201D3225008C39F5 /* botaogerar.png */,
				31123F75201D3224008C39F5 /* logo.png */,
				31123F63201D31E7008C39F5 /* AppDelegate.swift */,
				31123F65201D31E7008C39F5 /* ViewController.swift */,
				31123F67201D31E7008C39F5 /* Main.storyboard */,
				31123F6A201D31E7008C39F5 /* Assets.xcassets */,
				31123F6C201D31E7008C39F5 /* LaunchScreen.storyboard */,
				31123F6F201D31E7008C39F5 /* Info.plist */,
			);
			path = Sorteio;
			sourceTree = "<group>";
		};
/* End PBXGroup section */

/* Begin PBXNativeTarget section */
		31123F5F201D31E7008C39F5 /* Sorteio */ = {
			isa = PBXNativeTarget;
			buildConfigurationList = 31123F72201D31E7008C39F5 /* Build configuration list for PBXNativeTarget "Sorteio" */;
			buildPhases = (
				31123F5C201D31E7008C39F5 /* Sources */,
				31123F5D201D31E7008C39F5 /* Frameworks */,
				31123F5E201D31E7008C39F5 /* Resources */,
			);
			buildRules = (
			);
			dependencies = (
			);
			name = Sorteio;
			productName = Sorteio;
			productReference = 31123F60201D31E7008C39F5 /* Sorteio.app */;
			productType = "com.apple.product-type.application";
		};
/* End PBXNativeTarget section */

/* Begin PBXProject section */
		31123F58201D31E7008C39F5 /* Project object */ = {
			isa = PBXProject;
			attributes = {
				LastSwiftUpdateCheck = 0910;
				LastUpgradeCheck = 0910;
				ORGANIZATIONNAME = "Anderson Altissimo";
				TargetAttributes = {
					31123F5F201D31E7008C39F5 = {
						CreatedOnToolsVersion = 9.1;
						ProvisioningStyle = Automatic;
					};
				};
			};
			buildConfigurationList = 31123F5B201D31E7008C39F5 /* Build configuration list for PBXProject "Sorteio" */;
			compatibilityVersion = "Xcode 8.0";
			developmentRegion = en;
			hasScannedForEncodings = 0;
			knownRegions = (
				en,
				Base,
			);
			mainGroup = 31123F57201D31E7008C39F5;
			productRefGroup = 31123F61201D31E7008C39F5 /* Products */;
			projectDirPath = "";
			projectRoot = "";
			targets = (
				31123F5F201D31E7008C39F5 /* Sorteio */,
			);
		};
/* End PBXProject section */

/* Begin PBXResourcesBuildPhase section */
		31123F5E201D31E7008C39F5 /* Resources */ = {
			isa = PBXResourcesBuildPhase;
			buildActionMask = 2147483647;
			files = (
				31123F78201D3225008C39F5 /* logo.png in Resources */,
				31123F7A201D3225008C39F5 /* botaogerar.png in Resources */,
				31123F6E201D31E7008C39F5 /* LaunchScreen.storyboard in Resources */,
				31123F6B201D31E7008C39F5 /* Assets.xcassets in Resources */,
				31123F69201D31E7008C39F5 /* Main.storyboard in Resources */,
				31123F79201D3225008C39F5 /* botaogerar-pressionado.png in Resources */,
			);
			runOnlyForDeploymentPostprocessing = 0;
		};
/* End PBXResourcesBuildPhase section */

/* Begin PBXSourcesBuildPhase section */
		31123F5C201D31E7008C39F5 /* Sources */ = {
			isa = PBXSourcesBuildPhase;
			buildActionMask = 2147483647;
			files = (
				31123F66201D31E7008C39F5 /* ViewController.swift in Sources */,
				31123F64201D31E7008C39F5 /* AppDelegate.swift in Sources */,
			);
			runOnlyForDeploymentPostprocessing = 0;
		};
/* End PBXSourcesBuildPhase section */

/* Begin PBXVariantGroup section */
		31123F67201D31E7008C39F5 /* Main.storyboard */ = {
			isa = PBXVariantGroup;
			children = (
				31123F68201D31E7008C39F5 /* Base */,
			);
			name = Main.storyboard;
			sourceTree = "<group>";
		};
		31123F6C201D31E7008C39F5 /* LaunchScreen.storyboard */ = {
			isa = PBXVariantGroup;
			children = (
				31123F6D201D31E7008C39F5 /* Base */,
			);
			name = LaunchScreen.storyboard;
			sourceTree = "<group>";
		};
/* End PBXVariantGroup section */

/* Begin XCBuildConfiguration section */
		31123F70201D31E7008C39F5 /* Debug */ = {
			isa = XCBuildConfiguration;
			buildSettings = {
				ALWAYS_SEARCH_USER_PATHS = NO;
				CLANG_ANALYZER_NONNULL = YES;
				CLANG_ANALYZER_NUMBER_OBJECT_CONVERSION = YES_AGGRESSIVE;
				CLANG_CXX_LANGUAGE_STANDARD = "gnu++14";
				CLANG_CXX_LIBRARY = "libc++";
				CLANG_ENABLE_MODULES = YES;
				CLANG_ENABLE_OBJC_ARC = YES;
				CLANG_WARN_BLOCK_CAPTURE_AUTORELEASING = YES;
				CLANG_WARN_BOOL_CONVERSION = YES;
				CLANG_WARN_COMMA = YES;
				CLANG_WARN_CONSTANT_CONVERSION = YES;
				CLANG_WARN_DIRECT_OBJC_ISA_USAGE = YES_ERROR;
				CLANG_WARN_DOCUMENTATION_COMMENTS = YES;
				CLANG_WARN_EMPTY_BODY = YES;
				CLANG_WARN_ENUM_CONVERSION = YES;
				CLANG_WARN_INFINITE_RECURSION = YES;
				CLANG_WARN_INT_CONVERSION = YES;
				CLANG_WARN_NON_LITERAL_NULL_CONVERSION = YES;
				CLANG_WARN_OBJC_LITERAL_CONVERSION = YES;
				CLANG_WARN_OBJC_ROOT_CLASS = YES_ERROR;
				CLANG_WARN_RANGE_LOOP_ANALYSIS = YES;
				CLANG_WARN_STRICT_PROTOTYPES = YES;
				CLANG_WARN_SUSPICIOUS_MOVE = YES;
				CLANG_WARN_UNGUARDED_AVAILABILITY = YES_AGGRESSIVE;
				CLANG_WARN_UNREACHABLE_CODE = YES;
				CLANG_WARN__DUPLICATE_METHOD_MATCH = YES;
				CODE_SIGN_IDENTITY = "iPhone Developer";
				COPY_PHASE_STRIP = NO;
				DEBUG_INFORMATION_FORMAT = dwarf;
				ENABLE_STRICT_OBJC_MSGSEND = YES;
				ENABLE_TESTABILITY = YES;
				GCC_C_LANGUAGE_STANDARD = gnu11;
				GCC_DYNAMIC_NO_PIC = NO;
				GCC_NO_COMMON_BLOCKS = YES;
				GCC_OPTIMIZATION_LEVEL = 0;
				GCC_PREPROCESSOR_DEFINITIONS = (
					"DEBUG=1",
					"$(inherited)",
				);
				GCC_WARN_64_TO_32_BIT_CONVERSION = YES;
				GCC_WARN_ABOUT_RETURN_TYPE = YES_ERROR;
				GCC_WARN_UNDECLARED_SELECTOR = YES;
				GCC_WARN_UNINITIALIZED_AUTOS = YES_AGGRESSIVE;
				GCC_WARN_UNUSED_FUNCTION = YES;
				GCC_WARN_UNUSED_VARIABLE = YES;
				IPHONEOS_DEPLOYMENT_TARGET = 11.1;
				MTL_ENABLE_DEBUG_INFO = YES;
				ONLY_ACTIVE_ARCH = YES;
				SDKROOT = iphoneos;
				SWIFT_ACTIVE_COMPILATION_CONDITIONS = DEBUG;
				SWIFT_OPTIMIZATION_LEVEL = "-Onone";
			};
			name = Debug;
		};
		31123F71201D31E7008C39F5 /* Release */ = {
			isa = XCBuildConfiguration;
			buildSettings = {
				ALWAYS_SEARCH_USER_PATHS = NO;
				CLANG_ANALYZER_NONNULL = YES;
				CLANG_ANALYZER_NUMBER_OBJECT_CONVERSION = YES_AGGRESSIVE;
				CLANG_CXX_LANGUAGE_STANDARD = "gnu++14";
				CLANG_CXX_LIBRARY = "libc++";
				CLANG_ENABLE_MODULES = YES;
				CLANG_ENABLE_OBJC_ARC = YES;
				CLANG_WARN_BLOCK_CAPTURE_AUTORELEASING = YES;
				CLANG_WARN_BOOL_CONVERSION = YES;
				CLANG_WARN_COMMA = YES;
				CLANG_WARN_CONSTANT_CONVERSION = YES;
				CLANG_WARN_DIRECT_OBJC_ISA_USAGE = YES_ERROR;
				CLANG_WARN_DOCUMENTATION_COMMENTS = YES;
				CLANG_WARN_EMPTY_BODY = YES;
				CLANG_WARN_ENUM_CONVERSION = YES;
				CLANG_WARN_INFINITE_RECURSION = YES;
				CLANG_WARN_INT_CONVERSION = YES;
				CLANG_WARN_NON_LITERAL_NULL_CONVERSION = YES;
				CLANG_WARN_OBJC_LITERAL_CONVERSION = YES;
				CLANG_WARN_OBJC_ROOT_CLASS = YES_ERROR;
				CLANG_WARN_RANGE_LOOP_ANALYSIS = YES;
				CLANG_WARN_STRICT_PROTOTYPES = YES;
				CLANG_WARN_SUSPICIOUS_MOVE = YES;
				CLANG_WARN_UNGUARDED_AVAILABILITY = YES_AGGRESSIVE;
				CLANG_WARN_UNREACHABLE_CODE = YES;
				CLANG_WARN__DUPLICATE_METHOD_MATCH = YES;
				CODE_SIGN_IDENTITY = "iPhone Developer";
				COPY_PHASE_STRIP = NO;
				DEBUG_INFORMATION_FORMAT = "dwarf-with-dsym";
				ENABLE_NS_ASSERTIONS = NO;
				ENABLE_STRICT_OBJC_MSGSEND = YES;
				GCC_C_LANGUAGE_STANDARD = gnu11;
				GCC_NO_COMMON_BLOCKS = YES;
				GCC_WARN_64_TO_32_BIT_CONVERSION = YES;
				GCC_WARN_ABOUT_RETURN_TYPE = YES_ERROR;
				GCC_WARN_UNDECLARED_SELECTOR = YES;
				GCC_WARN_UNINITIALIZED_AUTOS = YES_AGGRESSIVE;
				GCC_WARN_UNUSED_FUNCTION = YES;
				GCC_WARN_UNUSED_VARIABLE = YES;
				IPHONEOS_DEPLOYMENT_TARGET = 11.1;
				MTL_ENABLE_DEBUG_INFO = NO;
				SDKROOT = iphoneos;
				SWIFT_OPTIMIZATION_LEVEL = "-Owholemodule";
				VALIDATE_PRODUCT = YES;
			};
			name = Release;
		};
		31123F73201D31E7008C39F5 /* Debug */ = {
			isa = XCBuildConfiguration;
			buildSettings = {
				ASSETCATALOG_COMPILER_APPICON_NAME = AppIcon;
				CODE_SIGN_STYLE = Automatic;
				INFOPLIST_FILE = Sorteio/Info.plist;
				LD_RUNPATH_SEARCH_PATHS = "$(inherited) @executable_path/Frameworks";
				PRODUCT_BUNDLE_IDENTIFIER = br.com.andersonaltissimo.Sorteio;
				PRODUCT_NAME = "$(TARGET_NAME)";
				SWIFT_VERSION = 4.0;
				TARGETED_DEVICE_FAMILY = "1,2";
			};
			name = Debug;
		};
		31123F74201D31E7008C39F5 /* Release */ = {
			isa = XCBuildConfiguration;
			buildSettings = {
				ASSETCATALOG_COMPILER_APPICON_NAME = AppIcon;
				CODE_SIGN_STYLE = Automatic;
				INFOPLIST_FILE = Sorteio/Info.plist;
				LD_RUNPATH_SEARCH_PATHS = "$(inherited) @executable_path/Frameworks";
				PRODUCT_BUNDLE_IDENTIFIER = br.com.andersonaltissimo.Sorteio;
				PRODUCT_NAME = "$(TARGET_NAME)";
				SWIFT_VERSION = 4.0;
				TARGETED_DEVICE_FAMILY = "1,2";
			};
			name = Release;
		};
/* End XCBuildConfiguration section */

/* Begin XCConfigurationList section */
		31123F5B201D31E7008C39F5 /* Build configuration list for PBXProject "Sorteio" */ = {
			isa = XCConfigurationList;
			buildConfigurations = (
				31123F70201D31E7008C39F5 /* Debug */,
				31123F71201D31E7008C39F5 /* Release */,
			);
			defaultConfigurationIsVisible = 0;
			defaultConfigurationName = Release;
		};
		31123F72201D31E7008C39F5 /* Build configuration list for PBXNativeTarget "Sorteio" */ = {
			isa = XCConfigurationList;
			buildConfigurations = (
				31123F73201D31E7008C39F5 /* Debug */,
				31123F74201D31E7008C39F5 /* Release */,
			);
			defaultConfigurationIsVisible = 0;
			defaultConfigurationName = Release;
		};
/* End XCConfigurationList section */
	};
	rootObject = 31123F58201D31E7008C39F5 /* Project object */;
}
