// !$*UTF8*$!
{
	archiveVersion = 1;
	classes = {
	};
	objectVersion = 48;
	objects = {

/* Begin PBXBuildFile section */
		318FE3F3207FA84400692FE8 /* AppDelegate.swift in Sources */ = {isa = PBXBuildFile; fileRef = 318FE3F2207FA84400692FE8 /* AppDelegate.swift */; };
		318FE3F5207FA84400692FE8 /* ViewController.swift in Sources */ = {isa = PBXBuildFile; fileRef = 318FE3F4207FA84400692FE8 /* ViewController.swift */; };
		318FE3F8207FA84400692FE8 /* Main.storyboard in Resources */ = {isa = PBXBuildFile; fileRef = 318FE3F6207FA84400692FE8 /* Main.storyboard */; };
		318FE3FA207FA84400692FE8 /* Assets.xcassets in Resources */ = {isa = PBXBuildFile; fileRef = 318FE3F9207FA84400692FE8 /* Assets.xcassets */; };
		318FE3FD207FA84400692FE8 /* LaunchScreen.storyboard in Resources */ = {isa = PBXBuildFile; fileRef = 318FE3FB207FA84400692FE8 /* LaunchScreen.storyboard */; };
		318FE405207FAF7C00692FE8 /* QuizViewController.swift in Sources */ = {isa = PBXBuildFile; fileRef = 318FE404207FAF7C00692FE8 /* QuizViewController.swift */; };
		318FE407207FAF8C00692FE8 /* ResultViewController.swift in Sources */ = {isa = PBXBuildFile; fileRef = 318FE406207FAF8C00692FE8 /* ResultViewController.swift */; };
		318FE409207FB20D00692FE8 /* Quiz.swift in Sources */ = {isa = PBXBuildFile; fileRef = 318FE408207FB20D00692FE8 /* Quiz.swift */; };
		318FE40B207FB23600692FE8 /* QuizManager.swift in Sources */ = {isa = PBXBuildFile; fileRef = 318FE40A207FB23600692FE8 /* QuizManager.swift */; };
/* End PBXBuildFile section */

/* Begin PBXFileReference section */
		318FE3EF207FA84400692FE8 /* SwiftQuiz.app */ = {isa = PBXFileReference; explicitFileType = wrapper.application; includeInIndex = 0; path = SwiftQuiz.app; sourceTree = BUILT_PRODUCTS_DIR; };
		318FE3F2207FA84400692FE8 /* AppDelegate.swift */ = {isa = PBXFileReference; lastKnownFileType = sourcecode.swift; path = AppDelegate.swift; sourceTree = "<group>"; };
		318FE3F4207FA84400692FE8 /* ViewController.swift */ = {isa = PBXFileReference; lastKnownFileType = sourcecode.swift; path = ViewController.swift; sourceTree = "<group>"; };
		318FE3F7207FA84400692FE8 /* Base */ = {isa = PBXFileReference; lastKnownFileType = file.storyboard; name = Base; path = Base.lproj/Main.storyboard; sourceTree = "<group>"; };
		318FE3F9207FA84400692FE8 /* Assets.xcassets */ = {isa = PBXFileReference; lastKnownFileType = folder.assetcatalog; path = Assets.xcassets; sourceTree = "<group>"; };
		318FE3FC207FA84400692FE8 /* Base */ = {isa = PBXFileReference; lastKnownFileType = file.storyboard; name = Base; path = Base.lproj/LaunchScreen.storyboard; sourceTree = "<group>"; };
		318FE3FE207FA84400692FE8 /* Info.plist */ = {isa = PBXFileReference; lastKnownFileType = text.plist.xml; path = Info.plist; sourceTree = "<group>"; };
		318FE404207FAF7C00692FE8 /* QuizViewController.swift */ = {isa = PBXFileReference; lastKnownFileType = sourcecode.swift; path = QuizViewController.swift; sourceTree = "<group>"; };
		318FE406207FAF8C00692FE8 /* ResultViewController.swift */ = {isa = PBXFileReference; lastKnownFileType = sourcecode.swift; path = ResultViewController.swift; sourceTree = "<group>"; };
		318FE408207FB20D00692FE8 /* Quiz.swift */ = {isa = PBXFileReference; lastKnownFileType = sourcecode.swift; path = Quiz.swift; sourceTree = "<group>"; };
		318FE40A207FB23600692FE8 /* QuizManager.swift */ = {isa = PBXFileReference; lastKnownFileType = sourcecode.swift; path = QuizManager.swift; sourceTree = "<group>"; };
/* End PBXFileReference section */

/* Begin PBXFrameworksBuildPhase section */
		318FE3EC207FA84400692FE8 /* Frameworks */ = {
			isa = PBXFrameworksBuildPhase;
			buildActionMask = 2147483647;
			files = (
			);
			runOnlyForDeploymentPostprocessing = 0;
		};
/* End PBXFrameworksBuildPhase section */

/* Begin PBXGroup section */
		318FE3E6207FA84400692FE8 = {
			isa = PBXGroup;
			children = (
				318FE3F1207FA84400692FE8 /* SwiftQuiz */,
				318FE3F0207FA84400692FE8 /* Products */,
			);
			sourceTree = "<group>";
		};
		318FE3F0207FA84400692FE8 /* Products */ = {
			isa = PBXGroup;
			children = (
				318FE3EF207FA84400692FE8 /* SwiftQuiz.app */,
			);
			name = Products;
			sourceTree = "<group>";
		};
		318FE3F1207FA84400692FE8 /* SwiftQuiz */ = {
			isa = PBXGroup;
			children = (
				318FE3F2207FA84400692FE8 /* AppDelegate.swift */,
				318FE3F4207FA84400692FE8 /* ViewController.swift */,
				318FE3F6207FA84400692FE8 /* Main.storyboard */,
				318FE408207FB20D00692FE8 /* Quiz.swift */,
				318FE40A207FB23600692FE8 /* QuizManager.swift */,
				318FE404207FAF7C00692FE8 /* QuizViewController.swift */,
				318FE406207FAF8C00692FE8 /* ResultViewController.swift */,
				318FE3F9207FA84400692FE8 /* Assets.xcassets */,
				318FE3FB207FA84400692FE8 /* LaunchScreen.storyboard */,
				318FE3FE207FA84400692FE8 /* Info.plist */,
			);
			path = SwiftQuiz;
			sourceTree = "<group>";
		};
/* End PBXGroup section */

/* Begin PBXNativeTarget section */
		318FE3EE207FA84400692FE8 /* SwiftQuiz */ = {
			isa = PBXNativeTarget;
			buildConfigurationList = 318FE401207FA84400692FE8 /* Build configuration list for PBXNativeTarget "SwiftQuiz" */;
			buildPhases = (
				318FE3EB207FA84400692FE8 /* Sources */,
				318FE3EC207FA84400692FE8 /* Frameworks */,
				318FE3ED207FA84400692FE8 /* Resources */,
			);
			buildRules = (
			);
			dependencies = (
			);
			name = SwiftQuiz;
			productName = SwiftQuiz;
			productReference = 318FE3EF207FA84400692FE8 /* SwiftQuiz.app */;
			productType = "com.apple.product-type.application";
		};
/* End PBXNativeTarget section */

/* Begin PBXProject section */
		318FE3E7207FA84400692FE8 /* Project object */ = {
			isa = PBXProject;
			attributes = {
				LastSwiftUpdateCheck = 0920;
				LastUpgradeCheck = 0920;
				ORGANIZATIONNAME = "Anderson Altissimo";
				TargetAttributes = {
					318FE3EE207FA84400692FE8 = {
						CreatedOnToolsVersion = 9.2;
						ProvisioningStyle = Automatic;
					};
				};
			};
			buildConfigurationList = 318FE3EA207FA84400692FE8 /* Build configuration list for PBXProject "SwiftQuiz" */;
			compatibilityVersion = "Xcode 8.0";
			developmentRegion = en;
			hasScannedForEncodings = 0;
			knownRegions = (
				en,
				Base,
			);
			mainGroup = 318FE3E6207FA84400692FE8;
			productRefGroup = 318FE3F0207FA84400692FE8 /* Products */;
			projectDirPath = "";
			projectRoot = "";
			targets = (
				318FE3EE207FA84400692FE8 /* SwiftQuiz */,
			);
		};
/* End PBXProject section */

/* Begin PBXResourcesBuildPhase section */
		318FE3ED207FA84400692FE8 /* Resources */ = {
			isa = PBXResourcesBuildPhase;
			buildActionMask = 2147483647;
			files = (
				318FE3FD207FA84400692FE8 /* LaunchScreen.storyboard in Resources */,
				318FE3FA207FA84400692FE8 /* Assets.xcassets in Resources */,
				318FE3F8207FA84400692FE8 /* Main.storyboard in Resources */,
			);
			runOnlyForDeploymentPostprocessing = 0;
		};
/* End PBXResourcesBuildPhase section */

/* Begin PBXSourcesBuildPhase section */
		318FE3EB207FA84400692FE8 /* Sources */ = {
			isa = PBXSourcesBuildPhase;
			buildActionMask = 2147483647;
			files = (
				318FE405207FAF7C00692FE8 /* QuizViewController.swift in Sources */,
				318FE409207FB20D00692FE8 /* Quiz.swift in Sources */,
				318FE3F5207FA84400692FE8 /* ViewController.swift in Sources */,
				318FE3F3207FA84400692FE8 /* AppDelegate.swift in Sources */,
				318FE40B207FB23600692FE8 /* QuizManager.swift in Sources */,
				318FE407207FAF8C00692FE8 /* ResultViewController.swift in Sources */,
			);
			runOnlyForDeploymentPostprocessing = 0;
		};
/* End PBXSourcesBuildPhase section */

/* Begin PBXVariantGroup section */
		318FE3F6207FA84400692FE8 /* Main.storyboard */ = {
			isa = PBXVariantGroup;
			children = (
				318FE3F7207FA84400692FE8 /* Base */,
			);
			name = Main.storyboard;
			sourceTree = "<group>";
		};
		318FE3FB207FA84400692FE8 /* LaunchScreen.storyboard */ = {
			isa = PBXVariantGroup;
			children = (
				318FE3FC207FA84400692FE8 /* Base */,
			);
			name = LaunchScreen.storyboard;
			sourceTree = "<group>";
		};
/* End PBXVariantGroup section */

/* Begin XCBuildConfiguration section */
		318FE3FF207FA84400692FE8 /* Debug */ = {
			isa = XCBuildConfiguration;
			buildSettings = {
				ALWAYS_SEARCH_USER_PATHS = NO;
				CLANG_ANALYZER_NONNULL = YES;
				CLANG_ANALYZER_NUMBER_OBJECT_CONVERSION = YES_AGGRESSIVE;
				CLANG_CXX_LANGUAGE_STANDARD = "gnu++14";
				CLANG_CXX_LIBRARY = "libc++";
				CLANG_ENABLE_MODULES = YES;
				CLANG_ENABLE_OBJC_ARC = YES;
				CLANG_WARN_BLOCK_CAPTURE_AUTORELEASING = YES;
				CLANG_WARN_BOOL_CONVERSION = YES;
				CLANG_WARN_COMMA = YES;
				CLANG_WARN_CONSTANT_CONVERSION = YES;
				CLANG_WARN_DIRECT_OBJC_ISA_USAGE = YES_ERROR;
				CLANG_WARN_DOCUMENTATION_COMMENTS = YES;
				CLANG_WARN_EMPTY_BODY = YES;
				CLANG_WARN_ENUM_CONVERSION = YES;
				CLANG_WARN_INFINITE_RECURSION = YES;
				CLANG_WARN_INT_CONVERSION = YES;
				CLANG_WARN_NON_LITERAL_NULL_CONVERSION = YES;
				CLANG_WARN_OBJC_LITERAL_CONVERSION = YES;
				CLANG_WARN_OBJC_ROOT_CLASS = YES_ERROR;
				CLANG_WARN_RANGE_LOOP_ANALYSIS = YES;
				CLANG_WARN_STRICT_PROTOTYPES = YES;
				CLANG_WARN_SUSPICIOUS_MOVE = YES;
				CLANG_WARN_UNGUARDED_AVAILABILITY = YES_AGGRESSIVE;
				CLANG_WARN_UNREACHABLE_CODE = YES;
				CLANG_WARN__DUPLICATE_METHOD_MATCH = YES;
				CODE_SIGN_IDENTITY = "iPhone Developer";
				COPY_PHASE_STRIP = NO;
				DEBUG_INFORMATION_FORMAT = dwarf;
				ENABLE_STRICT_OBJC_MSGSEND = YES;
				ENABLE_TESTABILITY = YES;
				GCC_C_LANGUAGE_STANDARD = gnu11;
				GCC_DYNAMIC_NO_PIC = NO;
				GCC_NO_COMMON_BLOCKS = YES;
				GCC_OPTIMIZATION_LEVEL = 0;
				GCC_PREPROCESSOR_DEFINITIONS = (
					"DEBUG=1",
					"$(inherited)",
				);
				GCC_WARN_64_TO_32_BIT_CONVERSION = YES;
				GCC_WARN_ABOUT_RETURN_TYPE = YES_ERROR;
				GCC_WARN_UNDECLARED_SELECTOR = YES;
				GCC_WARN_UNINITIALIZED_AUTOS = YES_AGGRESSIVE;
				GCC_WARN_UNUSED_FUNCTION = YES;
				GCC_WARN_UNUSED_VARIABLE = YES;
				IPHONEOS_DEPLOYMENT_TARGET = 11.2;
				MTL_ENABLE_DEBUG_INFO = YES;
				ONLY_ACTIVE_ARCH = YES;
				SDKROOT = iphoneos;
				SWIFT_ACTIVE_COMPILATION_CONDITIONS = DEBUG;
				SWIFT_OPTIMIZATION_LEVEL = "-Onone";
			};
			name = Debug;
		};
		318FE400207FA84400692FE8 /* Release */ = {
			isa = XCBuildConfiguration;
			buildSettings = {
				ALWAYS_SEARCH_USER_PATHS = NO;
				CLANG_ANALYZER_NONNULL = YES;
				CLANG_ANALYZER_NUMBER_OBJECT_CONVERSION = YES_AGGRESSIVE;
				CLANG_CXX_LANGUAGE_STANDARD = "gnu++14";
				CLANG_CXX_LIBRARY = "libc++";
				CLANG_ENABLE_MODULES = YES;
				CLANG_ENABLE_OBJC_ARC = YES;
				CLANG_WARN_BLOCK_CAPTURE_AUTORELEASING = YES;
				CLANG_WARN_BOOL_CONVERSION = YES;
				CLANG_WARN_COMMA = YES;
				CLANG_WARN_CONSTANT_CONVERSION = YES;
				CLANG_WARN_DIRECT_OBJC_ISA_USAGE = YES_ERROR;
				CLANG_WARN_DOCUMENTATION_COMMENTS = YES;
				CLANG_WARN_EMPTY_BODY = YES;
				CLANG_WARN_ENUM_CONVERSION = YES;
				CLANG_WARN_INFINITE_RECURSION = YES;
				CLANG_WARN_INT_CONVERSION = YES;
				CLANG_WARN_NON_LITERAL_NULL_CONVERSION = YES;
				CLANG_WARN_OBJC_LITERAL_CONVERSION = YES;
				CLANG_WARN_OBJC_ROOT_CLASS = YES_ERROR;
				CLANG_WARN_RANGE_LOOP_ANALYSIS = YES;
				CLANG_WARN_STRICT_PROTOTYPES = YES;
				CLANG_WARN_SUSPICIOUS_MOVE = YES;
				CLANG_WARN_UNGUARDED_AVAILABILITY = YES_AGGRESSIVE;
				CLANG_WARN_UNREACHABLE_CODE = YES;
				CLANG_WARN__DUPLICATE_METHOD_MATCH = YES;
				CODE_SIGN_IDENTITY = "iPhone Developer";
				COPY_PHASE_STRIP = NO;
				DEBUG_INFORMATION_FORMAT = "dwarf-with-dsym";
				ENABLE_NS_ASSERTIONS = NO;
				ENABLE_STRICT_OBJC_MSGSEND = YES;
				GCC_C_LANGUAGE_STANDARD = gnu11;
				GCC_NO_COMMON_BLOCKS = YES;
				GCC_WARN_64_TO_32_BIT_CONVERSION = YES;
				GCC_WARN_ABOUT_RETURN_TYPE = YES_ERROR;
				GCC_WARN_UNDECLARED_SELECTOR = YES;
				GCC_WARN_UNINITIALIZED_AUTOS = YES_AGGRESSIVE;
				GCC_WARN_UNUSED_FUNCTION = YES;
				GCC_WARN_UNUSED_VARIABLE = YES;
				IPHONEOS_DEPLOYMENT_TARGET = 11.2;
				MTL_ENABLE_DEBUG_INFO = NO;
				SDKROOT = iphoneos;
				SWIFT_OPTIMIZATION_LEVEL = "-Owholemodule";
				VALIDATE_PRODUCT = YES;
			};
			name = Release;
		};
		318FE402207FA84400692FE8 /* Debug */ = {
			isa = XCBuildConfiguration;
			buildSettings = {
				ASSETCATALOG_COMPILER_APPICON_NAME = AppIcon;
				CODE_SIGN_STYLE = Automatic;
				INFOPLIST_FILE = SwiftQuiz/Info.plist;
				LD_RUNPATH_SEARCH_PATHS = "$(inherited) @executable_path/Frameworks";
				PRODUCT_BUNDLE_IDENTIFIER = br.com.andersonaltissimo.SwiftQuiz;
				PRODUCT_NAME = "$(TARGET_NAME)";
				SWIFT_VERSION = 4.0;
				TARGETED_DEVICE_FAMILY = 1;
			};
			name = Debug;
		};
		318FE403207FA84400692FE8 /* Release */ = {
			isa = XCBuildConfiguration;
			buildSettings = {
				ASSETCATALOG_COMPILER_APPICON_NAME = AppIcon;
				CODE_SIGN_STYLE = Automatic;
				INFOPLIST_FILE = SwiftQuiz/Info.plist;
				LD_RUNPATH_SEARCH_PATHS = "$(inherited) @executable_path/Frameworks";
				PRODUCT_BUNDLE_IDENTIFIER = br.com.andersonaltissimo.SwiftQuiz;
				PRODUCT_NAME = "$(TARGET_NAME)";
				SWIFT_VERSION = 4.0;
				TARGETED_DEVICE_FAMILY = 1;
			};
			name = Release;
		};
/* End XCBuildConfiguration section */

/* Begin XCConfigurationList section */
		318FE3EA207FA84400692FE8 /* Build configuration list for PBXProject "SwiftQuiz" */ = {
			isa = XCConfigurationList;
			buildConfigurations = (
				318FE3FF207FA84400692FE8 /* Debug */,
				318FE400207FA84400692FE8 /* Release */,
			);
			defaultConfigurationIsVisible = 0;
			defaultConfigurationName = Release;
		};
		318FE401207FA84400692FE8 /* Build configuration list for PBXNativeTarget "SwiftQuiz" */ = {
			isa = XCConfigurationList;
			buildConfigurations = (
				318FE402207FA84400692FE8 /* Debug */,
				318FE403207FA84400692FE8 /* Release */,
			);
			defaultConfigurationIsVisible = 0;
			defaultConfigurationName = Release;
		};
/* End XCConfigurationList section */
	};
	rootObject = 318FE3E7207FA84400692FE8 /* Project object */;
}
